
Microsoft Visual Studio Solution File, Format Version 12.00
# Visual Studio 15
VisualStudioVersion = 15.0.28307.1209
MinimumVisualStudioVersion = 10.0.40219.1
Project("{FAE04EC0-301F-11D3-BF4B-00C04F79EFBC}") = "CodingChallenges", "CodingChallenges\CodingChallenges.csproj", "{1AB80391-298B-448A-837A-AA93C7B94B14}"
EndProject
Project("{FAE04EC0-301F-11D3-BF4B-00C04F79EFBC}") = "Multiples3And5Library", "Multiples3And5Library\Multiples3And5Library.csproj", "{FACD8CE6-0C23-4AD9-A736-C877AA3729A6}"
EndProject
Project("{FAE04EC0-301F-11D3-BF4B-00C04F79EFBC}") = "FibonacciChallenge", "FibonacciChallenge\FibonacciChallenge.csproj", "{182D1081-4713-43B4-B0B3-69D9FB8B0F3C}"
EndProject
Project("{FAE04EC0-301F-11D3-BF4B-00C04F79EFBC}") = "FibonacciChallenge2", "FibonacciChallenge2\FibonacciChallenge2.csproj", "{B9E73E67-769F-472D-90B5-50932D3D9862}"
EndProject
Project("{FAE04EC0-301F-11D3-BF4B-00C04F79EFBC}") = "LongestCollatz", "LongestCollatz\LongestCollatz.csproj", "{DC81BDEA-1561-46EC-A73C-28E363F4568F}"
EndProject
Global
	GlobalSection(SolutionConfigurationPlatforms) = preSolution
		Debug|Any CPU = Debug|Any CPU
		Release|Any CPU = Release|Any CPU
	EndGlobalSection
	GlobalSection(ProjectConfigurationPlatforms) = postSolution
		{1AB80391-298B-448A-837A-AA93C7B94B14}.Debug|Any CPU.ActiveCfg = Debug|Any CPU
		{1AB80391-298B-448A-837A-AA93C7B94B14}.Debug|Any CPU.Build.0 = Debug|Any CPU
		{1AB80391-298B-448A-837A-AA93C7B94B14}.Release|Any CPU.ActiveCfg = Release|Any CPU
		{1AB80391-298B-448A-837A-AA93C7B94B14}.Release|Any CPU.Build.0 = Release|Any CPU
		{FACD8CE6-0C23-4AD9-A736-C877AA3729A6}.Debug|Any CPU.ActiveCfg = Debug|Any CPU
		{FACD8CE6-0C23-4AD9-A736-C877AA3729A6}.Debug|Any CPU.Build.0 = Debug|Any CPU
		{FACD8CE6-0C23-4AD9-A736-C877AA3729A6}.Release|Any CPU.ActiveCfg = Release|Any CPU
		{FACD8CE6-0C23-4AD9-A736-C877AA3729A6}.Release|Any CPU.Build.0 = Release|Any CPU
		{182D1081-4713-43B4-B0B3-69D9FB8B0F3C}.Debug|Any CPU.ActiveCfg = Debug|Any CPU
		{182D1081-4713-43B4-B0B3-69D9FB8B0F3C}.Debug|Any CPU.Build.0 = Debug|Any CPU
		{182D1081-4713-43B4-B0B3-69D9FB8B0F3C}.Release|Any CPU.ActiveCfg = Release|Any CPU
		{182D1081-4713-43B4-B0B3-69D9FB8B0F3C}.Release|Any CPU.Build.0 = Release|Any CPU
		{B9E73E67-769F-472D-90B5-50932D3D9862}.Debug|Any CPU.ActiveCfg = Debug|Any CPU
		{B9E73E67-769F-472D-90B5-50932D3D9862}.Debug|Any CPU.Build.0 = Debug|Any CPU
		{B9E73E67-769F-472D-90B5-50932D3D9862}.Release|Any CPU.ActiveCfg = Release|Any CPU
		{B9E73E67-769F-472D-90B5-50932D3D9862}.Release|Any CPU.Build.0 = Release|Any CPU
		{DC81BDEA-1561-46EC-A73C-28E363F4568F}.Debug|Any CPU.ActiveCfg = Debug|Any CPU
		{DC81BDEA-1561-46EC-A73C-28E363F4568F}.Debug|Any CPU.Build.0 = Debug|Any CPU
		{DC81BDEA-1561-46EC-A73C-28E363F4568F}.Release|Any CPU.ActiveCfg = Release|Any CPU
		{DC81BDEA-1561-46EC-A73C-28E363F4568F}.Release|Any CPU.Build.0 = Release|Any CPU
	EndGlobalSection
	GlobalSection(SolutionProperties) = preSolution
		HideSolutionNode = FALSE
	EndGlobalSection
	GlobalSection(ExtensibilityGlobals) = postSolution
		SolutionGuid = {427ED76A-4EBD-4AF4-BABF-CE807E9E7741}
	EndGlobalSection
EndGlobal
